{
  "nodes": {
    "anytype-l10n": {
      "flake": false,
      "locked": {
        "lastModified": 1764341515,
        "narHash": "sha256-BI70mJ/57twl2TrDgoI/R/IJIb9onJsTIhsoHm9nHbo=",
        "owner": "anyproto",
        "repo": "l10n-anytype-ts",
        "rev": "0206b3d92ef5307ceee20214a82eab63b5006104",
        "type": "github"
      },
      "original": {
        "owner": "anyproto",
        "repo": "l10n-anytype-ts",
        "type": "github"
      }
    },
    "flake-utils": {
      "inputs": {
        "systems": [
          "systems"
        ]
      },
      "locked": {
        "lastModified": 1731533236,
        "narHash": "sha256-l0KFg5HjrsfsO/JpG+r7fRrqm12kzFHyUHqHCVpMMbI=",
        "owner": "numtide",
        "repo": "flake-utils",
        "rev": "11707dc2f618dd54ca8739b309ec4fc024de578b",
        "type": "github"
      },
      "original": {
        "id": "flake-utils",
        "type": "indirect"
      }
    },
    "nixpkgs": {
      "locked": {
        "lastModified": 1764355838,
        "narHash": "sha256-6A/QlhQBxLDDRkeOgMWJKQYCwzmkDpkGFlS/zRUfoyc=",
        "owner": "NixOS",
        "repo": "nixpkgs",
        "rev": "06f308f856dbd546cefc3c11f8dc4b0058ea3659",
        "type": "github"
      },
      "original": {
        "owner": "NixOS",
        "repo": "nixpkgs",
        "type": "github"
      }
    },
    "root": {
      "inputs": {
        "anytype-l10n": "anytype-l10n",
        "flake-utils": "flake-utils",
        "nixpkgs": "nixpkgs",
        "systems": "systems"
      }
    },
    "systems": {
      "locked": {
        "lastModified": 1689347949,
        "narHash": "sha256-12tWmuL2zgBgZkdoB6qXZsgJEH9LR3oUgpaQq2RbI80=",
        "owner": "nix-systems",
        "repo": "default-linux",
        "rev": "31732fcf5e8fea42e59c2488ad31a0e651500f68",
        "type": "github"
      },
      "original": {
        "owner": "nix-systems",
        "repo": "default-linux",
        "type": "github"
      }
    }
  },
  "root": "root",
  "version": 7
}
